{
  "version": 4,
  "terraform_version": "1.12.2",
  "serial": 6,
  "lineage": "25263ef8-732a-400e-1821-edd686581a00",
  "outputs": {
    "namespace": {
      "value": "ml-platform",
      "type": "string"
    }
  },
  "resources": [
    {
      "mode": "data",
      "type": "kubernetes_namespace",
      "name": "ingress",
      "provider": "provider[\"registry.terraform.io/hashicorp/kubernetes\"]",
      "instances": [
        {
          "schema_version": 0,
          "attributes": {
            "id": "ingress-nginx",
            "metadata": [
              {
                "annotations": {
                  "kubectl.kubernetes.io/last-applied-configuration": "{\"apiVersion\":\"v1\",\"kind\":\"Namespace\",\"metadata\":{\"annotations\":{},\"labels\":{\"app.kubernetes.io/instance\":\"ingress-nginx\",\"app.kubernetes.io/name\":\"ingress-nginx\"},\"name\":\"ingress-nginx\"}}\n"
                },
                "generation": 0,
                "labels": {
                  "app.kubernetes.io/instance": "ingress-nginx",
                  "app.kubernetes.io/name": "ingress-nginx",
                  "kubernetes.io/metadata.name": "ingress-nginx"
                },
                "name": "ingress-nginx",
                "resource_version": "1235",
                "uid": "4d345109-e8b9-45ac-8f62-ddd59ba6fde7"
              }
            ],
            "spec": [
              {
                "finalizers": [
                  "kubernetes"
                ]
              }
            ]
          },
          "sensitive_attributes": [],
          "identity_schema_version": 0
        }
      ]
    },
    {
      "mode": "managed",
      "type": "docker_volume",
      "name": "ml_data",
      "provider": "provider[\"registry.terraform.io/kreuzwerker/docker\"]",
      "instances": [
        {
          "schema_version": 1,
          "attributes": {
            "driver": "local",
            "driver_opts": null,
            "id": "ml-platform-data",
            "labels": [],
            "mountpoint": "/var/lib/docker/volumes/ml-platform-data/_data",
            "name": "ml-platform-data"
          },
          "sensitive_attributes": [],
          "identity_schema_version": 0,
          "private": "eyJzY2hlbWFfdmVyc2lvbiI6IjEifQ=="
        }
      ]
    },
    {
      "mode": "managed",
      "type": "docker_volume",
      "name": "ml_models",
      "provider": "provider[\"registry.terraform.io/kreuzwerker/docker\"]",
      "instances": [
        {
          "schema_version": 1,
          "attributes": {
            "driver": "local",
            "driver_opts": null,
            "id": "ml-platform-models",
            "labels": [],
            "mountpoint": "/var/lib/docker/volumes/ml-platform-models/_data",
            "name": "ml-platform-models"
          },
          "sensitive_attributes": [],
          "identity_schema_version": 0,
          "private": "eyJzY2hlbWFfdmVyc2lvbiI6IjEifQ=="
        }
      ]
    },
    {
      "mode": "managed",
      "type": "kubernetes_namespace",
      "name": "ml_platform",
      "provider": "provider[\"registry.terraform.io/hashicorp/kubernetes\"]",
      "instances": [
        {
          "schema_version": 0,
          "attributes": {
            "id": "ml-platform",
            "metadata": [
              {
                "annotations": null,
                "generate_name": "",
                "generation": 0,
                "labels": null,
                "name": "ml-platform",
                "resource_version": "1578",
                "uid": "f9c15583-3c83-4e1e-ab8f-f92a9803179c"
              }
            ],
            "timeouts": null,
            "wait_for_default_service_account": false
          },
          "sensitive_attributes": [],
          "identity_schema_version": 1,
          "identity": {
            "api_version": "v1",
            "kind": "Namespace",
            "name": "ml-platform"
          },
          "private": "eyJlMmJmYjczMC1lY2FhLTExZTYtOGY4OC0zNDM2M2JjN2M0YzAiOnsiZGVsZXRlIjozMDAwMDAwMDAwMDB9fQ=="
        }
      ]
    },
    {
      "mode": "managed",
      "type": "kubernetes_namespace",
      "name": "monitoring",
      "provider": "provider[\"registry.terraform.io/hashicorp/kubernetes\"]",
      "instances": [
        {
          "schema_version": 0,
          "attributes": {
            "id": "monitoring",
            "metadata": [
              {
                "annotations": null,
                "generate_name": "",
                "generation": 0,
                "labels": null,
                "name": "monitoring",
                "resource_version": "1579",
                "uid": "647dd337-6b0b-4601-951e-213e398a24ee"
              }
            ],
            "timeouts": null,
            "wait_for_default_service_account": false
          },
          "sensitive_attributes": [],
          "identity_schema_version": 1,
          "identity": {
            "api_version": "v1",
            "kind": "Namespace",
            "name": "monitoring"
          },
          "private": "eyJlMmJmYjczMC1lY2FhLTExZTYtOGY4OC0zNDM2M2JjN2M0YzAiOnsiZGVsZXRlIjozMDAwMDAwMDAwMDB9fQ=="
        }
      ]
    },
    {
      "mode": "managed",
      "type": "kubernetes_storage_class",
      "name": "local_storage",
      "provider": "provider[\"registry.terraform.io/hashicorp/kubernetes\"]",
      "instances": [
        {
          "schema_version": 0,
          "attributes": {
            "allow_volume_expansion": true,
            "allowed_topologies": [],
            "id": "local-storage",
            "metadata": [
              {
                "annotations": null,
                "generate_name": "",
                "generation": 0,
                "labels": null,
                "name": "local-storage",
                "resource_version": "1577",
                "uid": "0ecd2789-0c2c-4600-82c1-0c9e5384d52b"
              }
            ],
            "mount_options": null,
            "parameters": null,
            "reclaim_policy": "Delete",
            "storage_provisioner": "kubernetes.io/no-provisioner",
            "volume_binding_mode": "WaitForFirstConsumer"
          },
          "sensitive_attributes": [],
          "identity_schema_version": 0,
          "private": "bnVsbA=="
        }
      ]
    }
  ],
  "check_results": null
}
